// !$*UTF8*$!
{
	archiveVersion = 1;
	classes = {
	};
	objectVersion = 55;
	objects = {

/* Begin PBXBuildFile section */
		3A0F58552822190400F4E52B /* loading-spinner.json in Resources */ = {isa = PBXBuildFile; fileRef = 3A0F58542822190400F4E52B /* loading-spinner.json */; };
		3A0F585828221A7D00F4E52B /* LoadingView.swift in Sources */ = {isa = PBXBuildFile; fileRef = 3A0F585728221A7D00F4E52B /* LoadingView.swift */; };
		3A0F585B28221EE500F4E52B /* UIView+Extension.swift in Sources */ = {isa = PBXBuildFile; fileRef = 3A0F585A28221EE500F4E52B /* UIView+Extension.swift */; };
		3AA227522822003400682E24 /* AppDelegate.swift in Sources */ = {isa = PBXBuildFile; fileRef = 3AA227512822003400682E24 /* AppDelegate.swift */; };
		3AA227542822003400682E24 /* SceneDelegate.swift in Sources */ = {isa = PBXBuildFile; fileRef = 3AA227532822003400682E24 /* SceneDelegate.swift */; };
		3AA227562822003400682E24 /* ViewController.swift in Sources */ = {isa = PBXBuildFile; fileRef = 3AA227552822003400682E24 /* ViewController.swift */; };
		3AA2275B2822003700682E24 /* Assets.xcassets in Resources */ = {isa = PBXBuildFile; fileRef = 3AA2275A2822003700682E24 /* Assets.xcassets */; };
		3AA2275E2822003700682E24 /* LaunchScreen.storyboard in Resources */ = {isa = PBXBuildFile; fileRef = 3AA2275C2822003700682E24 /* LaunchScreen.storyboard */; };
		CF877A9DC0F023F92CB8A1A9 /* Pods_ChallengeIOS.framework in Frameworks */ = {isa = PBXBuildFile; fileRef = 088E84A0F43950D21DD1C21B /* Pods_ChallengeIOS.framework */; };
/* End PBXBuildFile section */

/* Begin PBXFileReference section */
		088E84A0F43950D21DD1C21B /* Pods_ChallengeIOS.framework */ = {isa = PBXFileReference; explicitFileType = wrapper.framework; includeInIndex = 0; path = Pods_ChallengeIOS.framework; sourceTree = BUILT_PRODUCTS_DIR; };
		3A0F58542822190400F4E52B /* loading-spinner.json */ = {isa = PBXFileReference; fileEncoding = 4; lastKnownFileType = text.json; path = "loading-spinner.json"; sourceTree = "<group>"; };
		3A0F585728221A7D00F4E52B /* LoadingView.swift */ = {isa = PBXFileReference; lastKnownFileType = sourcecode.swift; path = LoadingView.swift; sourceTree = "<group>"; };
		3A0F585A28221EE500F4E52B /* UIView+Extension.swift */ = {isa = PBXFileReference; lastKnownFileType = sourcecode.swift; path = "UIView+Extension.swift"; sourceTree = "<group>"; };
		3AA2274E2822003400682E24 /* ChallengeIOS.app */ = {isa = PBXFileReference; explicitFileType = wrapper.application; includeInIndex = 0; path = ChallengeIOS.app; sourceTree = BUILT_PRODUCTS_DIR; };
		3AA227512822003400682E24 /* AppDelegate.swift */ = {isa = PBXFileReference; lastKnownFileType = sourcecode.swift; path = AppDelegate.swift; sourceTree = "<group>"; };
		3AA227532822003400682E24 /* SceneDelegate.swift */ = {isa = PBXFileReference; lastKnownFileType = sourcecode.swift; path = SceneDelegate.swift; sourceTree = "<group>"; };
		3AA227552822003400682E24 /* ViewController.swift */ = {isa = PBXFileReference; lastKnownFileType = sourcecode.swift; path = ViewController.swift; sourceTree = "<group>"; };
		3AA2275A2822003700682E24 /* Assets.xcassets */ = {isa = PBXFileReference; lastKnownFileType = folder.assetcatalog; path = Assets.xcassets; sourceTree = "<group>"; };
		3AA2275D2822003700682E24 /* Base */ = {isa = PBXFileReference; lastKnownFileType = file.storyboard; name = Base; path = Base.lproj/LaunchScreen.storyboard; sourceTree = "<group>"; };
		3AA2275F2822003700682E24 /* Info.plist */ = {isa = PBXFileReference; lastKnownFileType = text.plist.xml; path = Info.plist; sourceTree = "<group>"; };
		574B29A417EEAA87AECA78F6 /* Pods-ChallengeIOS.release.xcconfig */ = {isa = PBXFileReference; includeInIndex = 1; lastKnownFileType = text.xcconfig; name = "Pods-ChallengeIOS.release.xcconfig"; path = "Target Support Files/Pods-ChallengeIOS/Pods-ChallengeIOS.release.xcconfig"; sourceTree = "<group>"; };
		F151E7B36B9823ED66C40C44 /* Pods-ChallengeIOS.debug.xcconfig */ = {isa = PBXFileReference; includeInIndex = 1; lastKnownFileType = text.xcconfig; name = "Pods-ChallengeIOS.debug.xcconfig"; path = "Target Support Files/Pods-ChallengeIOS/Pods-ChallengeIOS.debug.xcconfig"; sourceTree = "<group>"; };
/* End PBXFileReference section */

/* Begin PBXFrameworksBuildPhase section */
		3AA2274B2822003400682E24 /* Frameworks */ = {
			isa = PBXFrameworksBuildPhase;
			buildActionMask = 2147483647;
			files = (
				CF877A9DC0F023F92CB8A1A9 /* Pods_ChallengeIOS.framework in Frameworks */,
			);
			runOnlyForDeploymentPostprocessing = 0;
		};
/* End PBXFrameworksBuildPhase section */

/* Begin PBXGroup section */
		3A0F585628221A6C00F4E52B /* LoadingView */ = {
			isa = PBXGroup;
			children = (
				3A0F585728221A7D00F4E52B /* LoadingView.swift */,
			);
			path = LoadingView;
			sourceTree = "<group>";
		};
		3A0F585928221ECC00F4E52B /* Extension */ = {
			isa = PBXGroup;
			children = (
				3A0F585A28221EE500F4E52B /* UIView+Extension.swift */,
			);
			path = Extension;
			sourceTree = "<group>";
		};
		3AA227452822003400682E24 = {
			isa = PBXGroup;
			children = (
				3AA227502822003400682E24 /* ChallengeIOS */,
				3AA2274F2822003400682E24 /* Products */,
				8E67173D16255DCBADE0A12B /* Pods */,
				7BB78438505E64D1A2785475 /* Frameworks */,
			);
			sourceTree = "<group>";
		};
		3AA2274F2822003400682E24 /* Products */ = {
			isa = PBXGroup;
			children = (
				3AA2274E2822003400682E24 /* ChallengeIOS.app */,
			);
			name = Products;
			sourceTree = "<group>";
		};
		3AA227502822003400682E24 /* ChallengeIOS */ = {
			isa = PBXGroup;
			children = (
				3A0F585928221ECC00F4E52B /* Extension */,
				3A0F585628221A6C00F4E52B /* LoadingView */,
				3A0F58542822190400F4E52B /* loading-spinner.json */,
				3AA227512822003400682E24 /* AppDelegate.swift */,
				3AA227532822003400682E24 /* SceneDelegate.swift */,
				3AA227552822003400682E24 /* ViewController.swift */,
				3AA2275A2822003700682E24 /* Assets.xcassets */,
				3AA2275C2822003700682E24 /* LaunchScreen.storyboard */,
				3AA2275F2822003700682E24 /* Info.plist */,
			);
			path = ChallengeIOS;
			sourceTree = "<group>";
		};
		7BB78438505E64D1A2785475 /* Frameworks */ = {
			isa = PBXGroup;
			children = (
				088E84A0F43950D21DD1C21B /* Pods_ChallengeIOS.framework */,
			);
			name = Frameworks;
			sourceTree = "<group>";
		};
		8E67173D16255DCBADE0A12B /* Pods */ = {
			isa = PBXGroup;
			children = (
				F151E7B36B9823ED66C40C44 /* Pods-ChallengeIOS.debug.xcconfig */,
				574B29A417EEAA87AECA78F6 /* Pods-ChallengeIOS.release.xcconfig */,
			);
			path = Pods;
			sourceTree = "<group>";
		};
/* End PBXGroup section */

/* Begin PBXNativeTarget section */
		3AA2274D2822003400682E24 /* ChallengeIOS */ = {
			isa = PBXNativeTarget;
			buildConfigurationList = 3AA227622822003700682E24 /* Build configuration list for PBXNativeTarget "ChallengeIOS" */;
			buildPhases = (
				4D22B1F69E5ACAF76F8FF995 /* [CP] Check Pods Manifest.lock */,
				3AA2274A2822003400682E24 /* Sources */,
				3AA2274B2822003400682E24 /* Frameworks */,
				3AA2274C2822003400682E24 /* Resources */,
				B5FDC561C48666A2888E0BA5 /* [CP] Embed Pods Frameworks */,
			);
			buildRules = (
			);
			dependencies = (
			);
			name = ChallengeIOS;
			productName = ChallengeIOS;
			productReference = 3AA2274E2822003400682E24 /* ChallengeIOS.app */;
			productType = "com.apple.product-type.application";
		};
/* End PBXNativeTarget section */

/* Begin PBXProject section */
		3AA227462822003400682E24 /* Project object */ = {
			isa = PBXProject;
			attributes = {
				BuildIndependentTargetsInParallel = 1;
				LastSwiftUpdateCheck = 1330;
				LastUpgradeCheck = 1330;
				TargetAttributes = {
					3AA2274D2822003400682E24 = {
						CreatedOnToolsVersion = 13.3.1;
					};
				};
			};
			buildConfigurationList = 3AA227492822003400682E24 /* Build configuration list for PBXProject "ChallengeIOS" */;
			compatibilityVersion = "Xcode 13.0";
			developmentRegion = en;
			hasScannedForEncodings = 0;
			knownRegions = (
				en,
				Base,
			);
			mainGroup = 3AA227452822003400682E24;
			productRefGroup = 3AA2274F2822003400682E24 /* Products */;
			projectDirPath = "";
			projectRoot = "";
			targets = (
				3AA2274D2822003400682E24 /* ChallengeIOS */,
			);
		};
/* End PBXProject section */

/* Begin PBXResourcesBuildPhase section */
		3AA2274C2822003400682E24 /* Resources */ = {
			isa = PBXResourcesBuildPhase;
			buildActionMask = 2147483647;
			files = (
				3AA2275E2822003700682E24 /* LaunchScreen.storyboard in Resources */,
				3AA2275B2822003700682E24 /* Assets.xcassets in Resources */,
				3A0F58552822190400F4E52B /* loading-spinner.json in Resources */,
			);
			runOnlyForDeploymentPostprocessing = 0;
		};
/* End PBXResourcesBuildPhase section */

/* Begin PBXShellScriptBuildPhase section */
		4D22B1F69E5ACAF76F8FF995 /* [CP] Check Pods Manifest.lock */ = {
			isa = PBXShellScriptBuildPhase;
			buildActionMask = 2147483647;
			files = (
			);
			inputFileListPaths = (
			);
			inputPaths = (
				"${PODS_PODFILE_DIR_PATH}/Podfile.lock",
				"${PODS_ROOT}/Manifest.lock",
			);
			name = "[CP] Check Pods Manifest.lock";
			outputFileListPaths = (
			);
			outputPaths = (
				"$(DERIVED_FILE_DIR)/Pods-ChallengeIOS-checkManifestLockResult.txt",
			);
			runOnlyForDeploymentPostprocessing = 0;
			shellPath = /bin/sh;
			shellScript = "diff \"${PODS_PODFILE_DIR_PATH}/Podfile.lock\" \"${PODS_ROOT}/Manifest.lock\" > /dev/null\nif [ $? != 0 ] ; then\n    # print error to STDERR\n    echo \"error: The sandbox is not in sync with the Podfile.lock. Run 'pod install' or update your CocoaPods installation.\" >&2\n    exit 1\nfi\n# This output is used by Xcode 'outputs' to avoid re-running this script phase.\necho \"SUCCESS\" > \"${SCRIPT_OUTPUT_FILE_0}\"\n";
			showEnvVarsInLog = 0;
		};
		B5FDC561C48666A2888E0BA5 /* [CP] Embed Pods Frameworks */ = {
			isa = PBXShellScriptBuildPhase;
			buildActionMask = 2147483647;
			files = (
			);
			inputFileListPaths = (
				"${PODS_ROOT}/Target Support Files/Pods-ChallengeIOS/Pods-ChallengeIOS-frameworks-${CONFIGURATION}-input-files.xcfilelist",
			);
			name = "[CP] Embed Pods Frameworks";
			outputFileListPaths = (
				"${PODS_ROOT}/Target Support Files/Pods-ChallengeIOS/Pods-ChallengeIOS-frameworks-${CONFIGURATION}-output-files.xcfilelist",
			);
			runOnlyForDeploymentPostprocessing = 0;
			shellPath = /bin/sh;
			shellScript = "\"${PODS_ROOT}/Target Support Files/Pods-ChallengeIOS/Pods-ChallengeIOS-frameworks.sh\"\n";
			showEnvVarsInLog = 0;
		};
/* End PBXShellScriptBuildPhase section */

/* Begin PBXSourcesBuildPhase section */
		3AA2274A2822003400682E24 /* Sources */ = {
			isa = PBXSourcesBuildPhase;
			buildActionMask = 2147483647;
			files = (
				3AA227562822003400682E24 /* ViewController.swift in Sources */,
				3A0F585828221A7D00F4E52B /* LoadingView.swift in Sources */,
				3AA227522822003400682E24 /* AppDelegate.swift in Sources */,
				3A0F585B28221EE500F4E52B /* UIView+Extension.swift in Sources */,
				3AA227542822003400682E24 /* SceneDelegate.swift in Sources */,
			);
			runOnlyForDeploymentPostprocessing = 0;
		};
/* End PBXSourcesBuildPhase section */

/* Begin PBXVariantGroup section */
		3AA2275C2822003700682E24 /* LaunchScreen.storyboard */ = {
			isa = PBXVariantGroup;
			children = (
				3AA2275D2822003700682E24 /* Base */,
			);
			name = LaunchScreen.storyboard;
			sourceTree = "<group>";
		};
/* End PBXVariantGroup section */

/* Begin XCBuildConfiguration section */
		3AA227602822003700682E24 /* Debug */ = {
			isa = XCBuildConfiguration;
			buildSettings = {
				ALWAYS_SEARCH_USER_PATHS = NO;
				CLANG_ANALYZER_NONNULL = YES;
				CLANG_ANALYZER_NUMBER_OBJECT_CONVERSION = YES_AGGRESSIVE;
				CLANG_CXX_LANGUAGE_STANDARD = "gnu++17";
				CLANG_ENABLE_MODULES = YES;
				CLANG_ENABLE_OBJC_ARC = YES;
				CLANG_ENABLE_OBJC_WEAK = YES;
				CLANG_WARN_BLOCK_CAPTURE_AUTORELEASING = YES;
				CLANG_WARN_BOOL_CONVERSION = YES;
				CLANG_WARN_COMMA = YES;
				CLANG_WARN_CONSTANT_CONVERSION = YES;
				CLANG_WARN_DEPRECATED_OBJC_IMPLEMENTATIONS = YES;
				CLANG_WARN_DIRECT_OBJC_ISA_USAGE = YES_ERROR;
				CLANG_WARN_DOCUMENTATION_COMMENTS = YES;
				CLANG_WARN_EMPTY_BODY = YES;
				CLANG_WARN_ENUM_CONVERSION = YES;
				CLANG_WARN_INFINITE_RECURSION = YES;
				CLANG_WARN_INT_CONVERSION = YES;
				CLANG_WARN_NON_LITERAL_NULL_CONVERSION = YES;
				CLANG_WARN_OBJC_IMPLICIT_RETAIN_SELF = YES;
				CLANG_WARN_OBJC_LITERAL_CONVERSION = YES;
				CLANG_WARN_OBJC_ROOT_CLASS = YES_ERROR;
				CLANG_WARN_QUOTED_INCLUDE_IN_FRAMEWORK_HEADER = YES;
				CLANG_WARN_RANGE_LOOP_ANALYSIS = YES;
				CLANG_WARN_STRICT_PROTOTYPES = YES;
				CLANG_WARN_SUSPICIOUS_MOVE = YES;
				CLANG_WARN_UNGUARDED_AVAILABILITY = YES_AGGRESSIVE;
				CLANG_WARN_UNREACHABLE_CODE = YES;
				CLANG_WARN__DUPLICATE_METHOD_MATCH = YES;
				COPY_PHASE_STRIP = NO;
				DEBUG_INFORMATION_FORMAT = dwarf;
				ENABLE_STRICT_OBJC_MSGSEND = YES;
				ENABLE_TESTABILITY = YES;
				GCC_C_LANGUAGE_STANDARD = gnu11;
				GCC_DYNAMIC_NO_PIC = NO;
				GCC_NO_COMMON_BLOCKS = YES;
				GCC_OPTIMIZATION_LEVEL = 0;
				GCC_PREPROCESSOR_DEFINITIONS = (
					"DEBUG=1",
					"$(inherited)",
				);
				GCC_WARN_64_TO_32_BIT_CONVERSION = YES;
				GCC_WARN_ABOUT_RETURN_TYPE = YES_ERROR;
				GCC_WARN_UNDECLARED_SELECTOR = YES;
				GCC_WARN_UNINITIALIZED_AUTOS = YES_AGGRESSIVE;
				GCC_WARN_UNUSED_FUNCTION = YES;
				GCC_WARN_UNUSED_VARIABLE = YES;
				IPHONEOS_DEPLOYMENT_TARGET = 15.4;
				MTL_ENABLE_DEBUG_INFO = INCLUDE_SOURCE;
				MTL_FAST_MATH = YES;
				ONLY_ACTIVE_ARCH = YES;
				SDKROOT = iphoneos;
				SWIFT_ACTIVE_COMPILATION_CONDITIONS = DEBUG;
				SWIFT_OPTIMIZATION_LEVEL = "-Onone";
			};
			name = Debug;
		};
		3AA227612822003700682E24 /* Release */ = {
			isa = XCBuildConfiguration;
			buildSettings = {
				ALWAYS_SEARCH_USER_PATHS = NO;
				CLANG_ANALYZER_NONNULL = YES;
				CLANG_ANALYZER_NUMBER_OBJECT_CONVERSION = YES_AGGRESSIVE;
				CLANG_CXX_LANGUAGE_STANDARD = "gnu++17";
				CLANG_ENABLE_MODULES = YES;
				CLANG_ENABLE_OBJC_ARC = YES;
				CLANG_ENABLE_OBJC_WEAK = YES;
				CLANG_WARN_BLOCK_CAPTURE_AUTORELEASING = YES;
				CLANG_WARN_BOOL_CONVERSION = YES;
				CLANG_WARN_COMMA = YES;
				CLANG_WARN_CONSTANT_CONVERSION = YES;
				CLANG_WARN_DEPRECATED_OBJC_IMPLEMENTATIONS = YES;
				CLANG_WARN_DIRECT_OBJC_ISA_USAGE = YES_ERROR;
				CLANG_WARN_DOCUMENTATION_COMMENTS = YES;
				CLANG_WARN_EMPTY_BODY = YES;
				CLANG_WARN_ENUM_CONVERSION = YES;
				CLANG_WARN_INFINITE_RECURSION = YES;
				CLANG_WARN_INT_CONVERSION = YES;
				CLANG_WARN_NON_LITERAL_NULL_CONVERSION = YES;
				CLANG_WARN_OBJC_IMPLICIT_RETAIN_SELF = YES;
				CLANG_WARN_OBJC_LITERAL_CONVERSION = YES;
				CLANG_WARN_OBJC_ROOT_CLASS = YES_ERROR;
				CLANG_WARN_QUOTED_INCLUDE_IN_FRAMEWORK_HEADER = YES;
				CLANG_WARN_RANGE_LOOP_ANALYSIS = YES;
				CLANG_WARN_STRICT_PROTOTYPES = YES;
				CLANG_WARN_SUSPICIOUS_MOVE = YES;
				CLANG_WARN_UNGUARDED_AVAILABILITY = YES_AGGRESSIVE;
				CLANG_WARN_UNREACHABLE_CODE = YES;
				CLANG_WARN__DUPLICATE_METHOD_MATCH = YES;
				COPY_PHASE_STRIP = NO;
				DEBUG_INFORMATION_FORMAT = "dwarf-with-dsym";
				ENABLE_NS_ASSERTIONS = NO;
				ENABLE_STRICT_OBJC_MSGSEND = YES;
				GCC_C_LANGUAGE_STANDARD = gnu11;
				GCC_NO_COMMON_BLOCKS = YES;
				GCC_WARN_64_TO_32_BIT_CONVERSION = YES;
				GCC_WARN_ABOUT_RETURN_TYPE = YES_ERROR;
				GCC_WARN_UNDECLARED_SELECTOR = YES;
				GCC_WARN_UNINITIALIZED_AUTOS = YES_AGGRESSIVE;
				GCC_WARN_UNUSED_FUNCTION = YES;
				GCC_WARN_UNUSED_VARIABLE = YES;
				IPHONEOS_DEPLOYMENT_TARGET = 15.4;
				MTL_ENABLE_DEBUG_INFO = NO;
				MTL_FAST_MATH = YES;
				SDKROOT = iphoneos;
				SWIFT_COMPILATION_MODE = wholemodule;
				SWIFT_OPTIMIZATION_LEVEL = "-O";
				VALIDATE_PRODUCT = YES;
			};
			name = Release;
		};
		3AA227632822003700682E24 /* Debug */ = {
			isa = XCBuildConfiguration;
			baseConfigurationReference = F151E7B36B9823ED66C40C44 /* Pods-ChallengeIOS.debug.xcconfig */;
			buildSettings = {
				ASSETCATALOG_COMPILER_APPICON_NAME = AppIcon;
				ASSETCATALOG_COMPILER_GLOBAL_ACCENT_COLOR_NAME = AccentColor;
				CODE_SIGN_STYLE = Automatic;
				CURRENT_PROJECT_VERSION = 1;
				DEVELOPMENT_TEAM = KCY8Z5247K;
				GENERATE_INFOPLIST_FILE = YES;
				INFOPLIST_FILE = ChallengeIOS/Info.plist;
				INFOPLIST_KEY_UIApplicationSupportsIndirectInputEvents = YES;
				INFOPLIST_KEY_UILaunchStoryboardName = LaunchScreen;
				INFOPLIST_KEY_UISupportedInterfaceOrientations_iPad = "UIInterfaceOrientationPortrait UIInterfaceOrientationPortraitUpsideDown UIInterfaceOrientationLandscapeLeft UIInterfaceOrientationLandscapeRight";
				INFOPLIST_KEY_UISupportedInterfaceOrientations_iPhone = "UIInterfaceOrientationPortrait UIInterfaceOrientationLandscapeLeft UIInterfaceOrientationLandscapeRight";
				LD_RUNPATH_SEARCH_PATHS = (
					"$(inherited)",
					"@executable_path/Frameworks",
				);
				MARKETING_VERSION = 1.0;
				PRODUCT_BUNDLE_IDENTIFIER = paulorod07.ChallengeIOS;
				PRODUCT_NAME = "$(TARGET_NAME)";
				SWIFT_EMIT_LOC_STRINGS = YES;
				SWIFT_VERSION = 5.0;
				TARGETED_DEVICE_FAMILY = "1,2";
			};
			name = Debug;
		};
		3AA227642822003700682E24 /* Release */ = {
			isa = XCBuildConfiguration;
			baseConfigurationReference = 574B29A417EEAA87AECA78F6 /* Pods-ChallengeIOS.release.xcconfig */;
			buildSettings = {
				ASSETCATALOG_COMPILER_APPICON_NAME = AppIcon;
				ASSETCATALOG_COMPILER_GLOBAL_ACCENT_COLOR_NAME = AccentColor;
				CODE_SIGN_STYLE = Automatic;
				CURRENT_PROJECT_VERSION = 1;
				DEVELOPMENT_TEAM = KCY8Z5247K;
				GENERATE_INFOPLIST_FILE = YES;
				INFOPLIST_FILE = ChallengeIOS/Info.plist;
				INFOPLIST_KEY_UIApplicationSupportsIndirectInputEvents = YES;
				INFOPLIST_KEY_UILaunchStoryboardName = LaunchScreen;
				INFOPLIST_KEY_UISupportedInterfaceOrientations_iPad = "UIInterfaceOrientationPortrait UIInterfaceOrientationPortraitUpsideDown UIInterfaceOrientationLandscapeLeft UIInterfaceOrientationLandscapeRight";
				INFOPLIST_KEY_UISupportedInterfaceOrientations_iPhone = "UIInterfaceOrientationPortrait UIInterfaceOrientationLandscapeLeft UIInterfaceOrientationLandscapeRight";
				LD_RUNPATH_SEARCH_PATHS = (
					"$(inherited)",
					"@executable_path/Frameworks",
				);
				MARKETING_VERSION = 1.0;
				PRODUCT_BUNDLE_IDENTIFIER = paulorod07.ChallengeIOS;
				PRODUCT_NAME = "$(TARGET_NAME)";
				SWIFT_EMIT_LOC_STRINGS = YES;
				SWIFT_VERSION = 5.0;
				TARGETED_DEVICE_FAMILY = "1,2";
			};
			name = Release;
		};
/* End XCBuildConfiguration section */

/* Begin XCConfigurationList section */
		3AA227492822003400682E24 /* Build configuration list for PBXProject "ChallengeIOS" */ = {
			isa = XCConfigurationList;
			buildConfigurations = (
				3AA227602822003700682E24 /* Debug */,
				3AA227612822003700682E24 /* Release */,
			);
			defaultConfigurationIsVisible = 0;
			defaultConfigurationName = Release;
		};
		3AA227622822003700682E24 /* Build configuration list for PBXNativeTarget "ChallengeIOS" */ = {
			isa = XCConfigurationList;
			buildConfigurations = (
				3AA227632822003700682E24 /* Debug */,
				3AA227642822003700682E24 /* Release */,
			);
			defaultConfigurationIsVisible = 0;
			defaultConfigurationName = Release;
		};
/* End XCConfigurationList section */
	};
	rootObject = 3AA227462822003400682E24 /* Project object */;
}
